FORGE
  remote: http://forge.puppetlabs.com
  specs:
    puppetlabs/apt (0.0.4)
      puppetlabs/stdlib (>= 2.2.1)
    puppetlabs/java (0.1.6)
      puppetlabs/stdlib (>= 0.1.6)
    puppetlabs/stdlib (3.0.1)

GIT
  remote: git@github.com:excellaco/puppet-gitblit.git
  ref: master
  sha: bbe77a60bf8e68241dfb0513eec2c1962e42d61a
  specs:
    gitblit (0.0.1)

DEPENDENCIES
  gitblit (>= 0)
  puppetlabs/apt (>= 0)
  puppetlabs/java (>= 0)
  puppetlabs/stdlib (>= 0)

